<Solution>
  <Folder Name="/src/">
    <Project Path="src/Nudge.App/Nudge.App.csproj" />
    <Project Path="src/Nudge.Core/Nudge.Core.csproj" />
    <Project Path="src/Nudge.Data/Nudge.Data.csproj" />
    <Project Path="src/Nudge.Library/Nudge.Library.csproj" />
    <Project Path="src/Nudge.Media/Nudge.Media.csproj" />
    <Project Path="src/Nudge.Vpx/Nudge.Vpx.csproj" />
  </Folder>
  <Folder Name="/tests/">
    <Project Path="tests/Nudge.Data.Tests/Nudge.Data.Tests.csproj" />
    <Project Path="tests/Nudge.Library.Tests/Nudge.Library.Tests.csproj" />
    <Project Path="tests/Nudge.Media.Tests/Nudge.Media.Tests.csproj" />
    <Project Path="tests/Nudge.TestSupport/Nudge.TestSupport.csproj" />
    <Project Path="tests/Nudge.Vpx.Tests/Nudge.Vpx.Tests.csproj" />
  </Folder>
  <Folder Name="/tools/">
    <Project Path="tools/Nudge.UiHarness/Nudge.UiHarness.csproj" />
  </Folder>
</Solution>
